
Microsoft Visual Studio Solution File, Format Version 12.00
# Visual Studio Version 17
VisualStudioVersion = 17.9.34902.65
MinimumVisualStudioVersion = 10.0.40219.1
Project("{FAE04EC0-301F-11D3-BF4B-00C04F79EFBC}") = "WebApplication1", "WebApplication1\WebApplication1.csproj", "{40BEE978-2429-4140-A2C1-8ECF97DE438C}"
EndProject
Project("{FAE04EC0-301F-11D3-BF4B-00C04F79EFBC}") = "CQRS_lib", "CQRS_lib\CQRS_lib.csproj", "{B4355D09-6BD0-4C3D-856D-6590455DAB34}"
EndProject
Global
	GlobalSection(SolutionConfigurationPlatforms) = preSolution
		Debug|Any CPU = Debug|Any CPU
		Release|Any CPU = Release|Any CPU
	EndGlobalSection
	GlobalSection(ProjectConfigurationPlatforms) = postSolution
		{40BEE978-2429-4140-A2C1-8ECF97DE438C}.Debug|Any CPU.ActiveCfg = Debug|Any CPU
		{40BEE978-2429-4140-A2C1-8ECF97DE438C}.Debug|Any CPU.Build.0 = Debug|Any CPU
		{40BEE978-2429-4140-A2C1-8ECF97DE438C}.Release|Any CPU.ActiveCfg = Release|Any CPU
		{40BEE978-2429-4140-A2C1-8ECF97DE438C}.Release|Any CPU.Build.0 = Release|Any CPU
		{B4355D09-6BD0-4C3D-856D-6590455DAB34}.Debug|Any CPU.ActiveCfg = Debug|Any CPU
		{B4355D09-6BD0-4C3D-856D-6590455DAB34}.Debug|Any CPU.Build.0 = Debug|Any CPU
		{B4355D09-6BD0-4C3D-856D-6590455DAB34}.Release|Any CPU.ActiveCfg = Release|Any CPU
		{B4355D09-6BD0-4C3D-856D-6590455DAB34}.Release|Any CPU.Build.0 = Release|Any CPU
	EndGlobalSection
	GlobalSection(SolutionProperties) = preSolution
		HideSolutionNode = FALSE
	EndGlobalSection
	GlobalSection(ExtensibilityGlobals) = postSolution
		SolutionGuid = {30B66E50-AFBA-47C8-BAEA-F903E2E41897}
	EndGlobalSection
EndGlobal
